Microsoft Visual Studio Solution File, Format Version 9.00
# Visual Studio 2005
Project("{8BC9CEB8-8B4A-11D0-8D11-00A0C91BC942}") = "paimei_ollydbg_connector", "paimei_ollydbg_connector.vcproj", "{3A9F639B-EEAB-4E59-9187-212935AD79A5}"
EndProject
Global
	GlobalSection(SolutionConfigurationPlatforms) = preSolution
		Debug|Win32 = Debug|Win32
		Release|Win32 = Release|Win32
	EndGlobalSection
	GlobalSection(ProjectConfigurationPlatforms) = postSolution
		{3A9F639B-EEAB-4E59-9187-212935AD79A5}.Debug|Win32.ActiveCfg = Debug|Win32
		{3A9F639B-EEAB-4E59-9187-212935AD79A5}.Debug|Win32.Build.0 = Debug|Win32
		{3A9F639B-EEAB-4E59-9187-212935AD79A5}.Release|Win32.ActiveCfg = Release|Win32
		{3A9F639B-EEAB-4E59-9187-212935AD79A5}.Release|Win32.Build.0 = Release|Win32
	EndGlobalSection
	GlobalSection(SolutionProperties) = preSolution
		HideSolutionNode = FALSE
	EndGlobalSection
EndGlobal
